
Microsoft Visual Studio Solution File, Format Version 12.00
# Visual Studio 14
VisualStudioVersion = 14.0.24720.0
MinimumVisualStudioVersion = 10.0.40219.1
Project("{2150E333-8FDC-42A3-9474-1A3956D46DE8}") = "src", "src", "{8F43699F-1703-4A2D-9F1B-5C1A02DE104A}"
EndProject
Project("{2150E333-8FDC-42A3-9474-1A3956D46DE8}") = "Solution Items", "Solution Items", "{588BF5BC-0BB5-4006-BBDE-C0BD65E04553}"
	ProjectSection(SolutionItems) = preProject
		global.json = global.json
	EndProjectSection
EndProject
Project("{8BB2217D-0F2D-49D1-97BC-3654ED321F3B}") = "Km.Toi.Definition", "src\Km.Toi.Definition\Km.Toi.Definition.xproj", "{BBE598F7-C76C-4073-B422-5DAF7663B0A2}"
EndProject
Project("{2150E333-8FDC-42A3-9474-1A3956D46DE8}") = "test", "test", "{2729D620-EA86-4470-9CE2-A486D669676E}"
EndProject
Project("{8BB2217D-0F2D-49D1-97BC-3654ED321F3B}") = "Km.Toi.Definition.Test", "test\Km.Toi.Definition.Test\Km.Toi.Definition.Test.xproj", "{B1CFD1EF-70F7-4783-BF76-224C3CB8768B}"
EndProject
Global
	GlobalSection(SolutionConfigurationPlatforms) = preSolution
		Debug|Any CPU = Debug|Any CPU
		Release|Any CPU = Release|Any CPU
	EndGlobalSection
	GlobalSection(ProjectConfigurationPlatforms) = postSolution
		{BBE598F7-C76C-4073-B422-5DAF7663B0A2}.Debug|Any CPU.ActiveCfg = Debug|Any CPU
		{BBE598F7-C76C-4073-B422-5DAF7663B0A2}.Debug|Any CPU.Build.0 = Debug|Any CPU
		{BBE598F7-C76C-4073-B422-5DAF7663B0A2}.Release|Any CPU.ActiveCfg = Release|Any CPU
		{BBE598F7-C76C-4073-B422-5DAF7663B0A2}.Release|Any CPU.Build.0 = Release|Any CPU
		{B1CFD1EF-70F7-4783-BF76-224C3CB8768B}.Debug|Any CPU.ActiveCfg = Debug|Any CPU
		{B1CFD1EF-70F7-4783-BF76-224C3CB8768B}.Debug|Any CPU.Build.0 = Debug|Any CPU
		{B1CFD1EF-70F7-4783-BF76-224C3CB8768B}.Release|Any CPU.ActiveCfg = Release|Any CPU
		{B1CFD1EF-70F7-4783-BF76-224C3CB8768B}.Release|Any CPU.Build.0 = Release|Any CPU
	EndGlobalSection
	GlobalSection(SolutionProperties) = preSolution
		HideSolutionNode = FALSE
	EndGlobalSection
	GlobalSection(NestedProjects) = preSolution
		{BBE598F7-C76C-4073-B422-5DAF7663B0A2} = {8F43699F-1703-4A2D-9F1B-5C1A02DE104A}
		{B1CFD1EF-70F7-4783-BF76-224C3CB8768B} = {2729D620-EA86-4470-9CE2-A486D669676E}
	EndGlobalSection
EndGlobal
